
Microsoft Visual Studio Solution File, Format Version 12.00
# Visual Studio Version 16
VisualStudioVersion = 16.0.29424.173
MinimumVisualStudioVersion = 10.0.40219.1
Project("{FAE04EC0-301F-11D3-BF4B-00C04F79EFBC}") = "EjemploBD", "EjemploBD\EjemploBD.csproj", "{45C8E6F9-BA63-4484-80AC-CD145A72A91D}"
EndProject
Global
	GlobalSection(SolutionConfigurationPlatforms) = preSolution
		Debug|Any CPU = Debug|Any CPU
		Release|Any CPU = Release|Any CPU
	EndGlobalSection
	GlobalSection(ProjectConfigurationPlatforms) = postSolution
		{45C8E6F9-BA63-4484-80AC-CD145A72A91D}.Debug|Any CPU.ActiveCfg = Debug|Any CPU
		{45C8E6F9-BA63-4484-80AC-CD145A72A91D}.Debug|Any CPU.Build.0 = Debug|Any CPU
		{45C8E6F9-BA63-4484-80AC-CD145A72A91D}.Release|Any CPU.ActiveCfg = Release|Any CPU
		{45C8E6F9-BA63-4484-80AC-CD145A72A91D}.Release|Any CPU.Build.0 = Release|Any CPU
	EndGlobalSection
	GlobalSection(SolutionProperties) = preSolution
		HideSolutionNode = FALSE
	EndGlobalSection
	GlobalSection(ExtensibilityGlobals) = postSolution
		SolutionGuid = {93AC8EF2-78DC-410D-9C4B-8B95E86E1994}
	EndGlobalSection
EndGlobal
