
Microsoft Visual Studio Solution File, Format Version 12.00
# Visual Studio Version 16
VisualStudioVersion = 16.0.29424.173
MinimumVisualStudioVersion = 10.0.40219.1
Project("{FAE04EC0-301F-11D3-BF4B-00C04F79EFBC}") = "SQLConnection", "SQLConnection\SQLConnection.csproj", "{369A4B92-8BF4-448A-99A6-568B980C5A91}"
EndProject
Global
	GlobalSection(SolutionConfigurationPlatforms) = preSolution
		Debug|Any CPU = Debug|Any CPU
		Release|Any CPU = Release|Any CPU
	EndGlobalSection
	GlobalSection(ProjectConfigurationPlatforms) = postSolution
		{369A4B92-8BF4-448A-99A6-568B980C5A91}.Debug|Any CPU.ActiveCfg = Debug|Any CPU
		{369A4B92-8BF4-448A-99A6-568B980C5A91}.Debug|Any CPU.Build.0 = Debug|Any CPU
		{369A4B92-8BF4-448A-99A6-568B980C5A91}.Release|Any CPU.ActiveCfg = Release|Any CPU
		{369A4B92-8BF4-448A-99A6-568B980C5A91}.Release|Any CPU.Build.0 = Release|Any CPU
	EndGlobalSection
	GlobalSection(SolutionProperties) = preSolution
		HideSolutionNode = FALSE
	EndGlobalSection
	GlobalSection(ExtensibilityGlobals) = postSolution
		SolutionGuid = {01C66EE2-F671-42B4-940C-53D5B950D998}
	EndGlobalSection
EndGlobal
